
Microsoft Visual Studio Solution File, Format Version 12.00
# Visual Studio Version 17
VisualStudioVersion = 17.5.002.0
MinimumVisualStudioVersion = 10.0.40219.1
Project("{2150E333-8FDC-42A3-9474-1A3956D46DE8}") = "csharp-prep", "csharp-prep", "{2948BC15-AC91-42EF-AE21-DD10A1CF2807}"
EndProject
Project("{9A19103F-16F7-4668-BE54-9A1E7A4F7556}") = "Prep1", "csharp-prep\Prep1\Prep1.csproj", "{9D7735AB-5095-4A1B-8895-29F728698E57}"
EndProject
Project("{9A19103F-16F7-4668-BE54-9A1E7A4F7556}") = "Prep2", "csharp-prep\Prep2\Prep2.csproj", "{B75BCA33-473D-4723-8B03-8B11ADDB59E8}"
EndProject
Project("{9A19103F-16F7-4668-BE54-9A1E7A4F7556}") = "Prep3", "csharp-prep\Prep3\Prep3.csproj", "{797A0626-4F86-4513-801F-5C664BBE162E}"
EndProject
Project("{9A19103F-16F7-4668-BE54-9A1E7A4F7556}") = "Prep4", "csharp-prep\Prep4\Prep4.csproj", "{91D4D098-DCD7-4367-A864-025D0C15DEAD}"
EndProject
Project("{9A19103F-16F7-4668-BE54-9A1E7A4F7556}") = "Prep5", "csharp-prep\Prep5\Prep5.csproj", "{AD48F6B2-7372-4C98-9A10-FA9004862FED}"
EndProject
Project("{2150E333-8FDC-42A3-9474-1A3956D46DE8}") = "final", "final", "{30774B2C-F106-4C4F-B563-C7BE314C2849}"
EndProject
Project("{9A19103F-16F7-4668-BE54-9A1E7A4F7556}") = "FinalProject", "final\FinalProject\FinalProject.csproj", "{11E69B90-4425-422D-B573-67C01FFA5BAA}"
EndProject
Project("{9A19103F-16F7-4668-BE54-9A1E7A4F7556}") = "Foundation1", "final\Foundation1\Foundation1.csproj", "{5D185638-7C2F-46C0-8940-1B87FAD65F87}"
EndProject
Project("{9A19103F-16F7-4668-BE54-9A1E7A4F7556}") = "Foundation2", "final\Foundation2\Foundation2.csproj", "{B245DC68-E83D-4237-BF2E-3006245B886D}"
EndProject
Project("{9A19103F-16F7-4668-BE54-9A1E7A4F7556}") = "Foundation3", "final\Foundation3\Foundation3.csproj", "{61E4039F-80B5-47A8-9EBB-71FF6C371E92}"
EndProject
Project("{9A19103F-16F7-4668-BE54-9A1E7A4F7556}") = "Foundation4", "final\Foundation4\Foundation4.csproj", "{8FFE7D13-1E73-4040-B2FB-77DB6B7263DE}"
EndProject
Project("{2150E333-8FDC-42A3-9474-1A3956D46DE8}") = "prepare", "prepare", "{71E61B0C-71B1-4623-B626-1879D2715240}"
EndProject
Project("{9A19103F-16F7-4668-BE54-9A1E7A4F7556}") = "Learning02", "prepare\Learning02\Learning02.csproj", "{FD8D5C37-26A9-4995-9CCC-B85368A3EC3F}"
EndProject
Project("{9A19103F-16F7-4668-BE54-9A1E7A4F7556}") = "Learning03", "prepare\Learning03\Learning03.csproj", "{7FE89C33-6C96-4220-945D-D944274AD80D}"
EndProject
Project("{9A19103F-16F7-4668-BE54-9A1E7A4F7556}") = "Learning04", "prepare\Learning04\Learning04.csproj", "{2CC5EFE4-F7B5-48F2-AE41-B55B2F8833C0}"
EndProject
Project("{9A19103F-16F7-4668-BE54-9A1E7A4F7556}") = "Learning05", "prepare\Learning05\Learning05.csproj", "{46C9F662-D310-4B12-84DA-8888FDB0D58A}"
EndProject
Project("{2150E333-8FDC-42A3-9474-1A3956D46DE8}") = "prove", "prove", "{6A763ACD-D66C-44A0-AFBF-01CAD74B117F}"
EndProject
Project("{9A19103F-16F7-4668-BE54-9A1E7A4F7556}") = "Develop02", "prove\Develop02\Develop02.csproj", "{7DABFCFD-DC58-4103-A806-451ABA63FF47}"
EndProject
Project("{9A19103F-16F7-4668-BE54-9A1E7A4F7556}") = "Develop03", "prove\Develop03\Develop03.csproj", "{4A83FD07-7806-4248-9AD7-FAA50D4B2F7D}"
EndProject
Project("{9A19103F-16F7-4668-BE54-9A1E7A4F7556}") = "Develop04", "prove\Develop04\Develop04.csproj", "{ED7B96E7-46AB-46BC-84F7-F2FA5DAEB483}"
EndProject
Project("{9A19103F-16F7-4668-BE54-9A1E7A4F7556}") = "Develop05", "prove\Develop05\Develop05.csproj", "{703ADB9A-A695-4027-A819-B9B087B04A7C}"
EndProject
Project("{2150E333-8FDC-42A3-9474-1A3956D46DE8}") = "sandbox", "sandbox", "{F7CA2D00-EEEF-46B9-BC6F-E05D215E9BEB}"
EndProject
Project("{9A19103F-16F7-4668-BE54-9A1E7A4F7556}") = "Sandbox", "sandbox\Sandbox\Sandbox.csproj", "{AA0FB463-85D2-4A68-8470-85F6E052B563}"
EndProject
Global
	GlobalSection(SolutionConfigurationPlatforms) = preSolution
		Debug|Any CPU = Debug|Any CPU
		Release|Any CPU = Release|Any CPU
	EndGlobalSection
	GlobalSection(ProjectConfigurationPlatforms) = postSolution
		{9D7735AB-5095-4A1B-8895-29F728698E57}.Debug|Any CPU.ActiveCfg = Debug|Any CPU
		{9D7735AB-5095-4A1B-8895-29F728698E57}.Debug|Any CPU.Build.0 = Debug|Any CPU
		{9D7735AB-5095-4A1B-8895-29F728698E57}.Release|Any CPU.ActiveCfg = Release|Any CPU
		{9D7735AB-5095-4A1B-8895-29F728698E57}.Release|Any CPU.Build.0 = Release|Any CPU
		{B75BCA33-473D-4723-8B03-8B11ADDB59E8}.Debug|Any CPU.ActiveCfg = Debug|Any CPU
		{B75BCA33-473D-4723-8B03-8B11ADDB59E8}.Debug|Any CPU.Build.0 = Debug|Any CPU
		{B75BCA33-473D-4723-8B03-8B11ADDB59E8}.Release|Any CPU.ActiveCfg = Release|Any CPU
		{B75BCA33-473D-4723-8B03-8B11ADDB59E8}.Release|Any CPU.Build.0 = Release|Any CPU
		{797A0626-4F86-4513-801F-5C664BBE162E}.Debug|Any CPU.ActiveCfg = Debug|Any CPU
		{797A0626-4F86-4513-801F-5C664BBE162E}.Debug|Any CPU.Build.0 = Debug|Any CPU
		{797A0626-4F86-4513-801F-5C664BBE162E}.Release|Any CPU.ActiveCfg = Release|Any CPU
		{797A0626-4F86-4513-801F-5C664BBE162E}.Release|Any CPU.Build.0 = Release|Any CPU
		{91D4D098-DCD7-4367-A864-025D0C15DEAD}.Debug|Any CPU.ActiveCfg = Debug|Any CPU
		{91D4D098-DCD7-4367-A864-025D0C15DEAD}.Debug|Any CPU.Build.0 = Debug|Any CPU
		{91D4D098-DCD7-4367-A864-025D0C15DEAD}.Release|Any CPU.ActiveCfg = Release|Any CPU
		{91D4D098-DCD7-4367-A864-025D0C15DEAD}.Release|Any CPU.Build.0 = Release|Any CPU
		{AD48F6B2-7372-4C98-9A10-FA9004862FED}.Debug|Any CPU.ActiveCfg = Debug|Any CPU
		{AD48F6B2-7372-4C98-9A10-FA9004862FED}.Debug|Any CPU.Build.0 = Debug|Any CPU
		{AD48F6B2-7372-4C98-9A10-FA9004862FED}.Release|Any CPU.ActiveCfg = Release|Any CPU
		{AD48F6B2-7372-4C98-9A10-FA9004862FED}.Release|Any CPU.Build.0 = Release|Any CPU
		{11E69B90-4425-422D-B573-67C01FFA5BAA}.Debug|Any CPU.ActiveCfg = Debug|Any CPU
		{11E69B90-4425-422D-B573-67C01FFA5BAA}.Debug|Any CPU.Build.0 = Debug|Any CPU
		{11E69B90-4425-422D-B573-67C01FFA5BAA}.Release|Any CPU.ActiveCfg = Release|Any CPU
		{11E69B90-4425-422D-B573-67C01FFA5BAA}.Release|Any CPU.Build.0 = Release|Any CPU
		{5D185638-7C2F-46C0-8940-1B87FAD65F87}.Debug|Any CPU.ActiveCfg = Debug|Any CPU
		{5D185638-7C2F-46C0-8940-1B87FAD65F87}.Debug|Any CPU.Build.0 = Debug|Any CPU
		{5D185638-7C2F-46C0-8940-1B87FAD65F87}.Release|Any CPU.ActiveCfg = Release|Any CPU
		{5D185638-7C2F-46C0-8940-1B87FAD65F87}.Release|Any CPU.Build.0 = Release|Any CPU
		{B245DC68-E83D-4237-BF2E-3006245B886D}.Debug|Any CPU.ActiveCfg = Debug|Any CPU
		{B245DC68-E83D-4237-BF2E-3006245B886D}.Debug|Any CPU.Build.0 = Debug|Any CPU
		{B245DC68-E83D-4237-BF2E-3006245B886D}.Release|Any CPU.ActiveCfg = Release|Any CPU
		{B245DC68-E83D-4237-BF2E-3006245B886D}.Release|Any CPU.Build.0 = Release|Any CPU
		{61E4039F-80B5-47A8-9EBB-71FF6C371E92}.Debug|Any CPU.ActiveCfg = Debug|Any CPU
		{61E4039F-80B5-47A8-9EBB-71FF6C371E92}.Debug|Any CPU.Build.0 = Debug|Any CPU
		{61E4039F-80B5-47A8-9EBB-71FF6C371E92}.Release|Any CPU.ActiveCfg = Release|Any CPU
		{61E4039F-80B5-47A8-9EBB-71FF6C371E92}.Release|Any CPU.Build.0 = Release|Any CPU
		{8FFE7D13-1E73-4040-B2FB-77DB6B7263DE}.Debug|Any CPU.ActiveCfg = Debug|Any CPU
		{8FFE7D13-1E73-4040-B2FB-77DB6B7263DE}.Debug|Any CPU.Build.0 = Debug|Any CPU
		{8FFE7D13-1E73-4040-B2FB-77DB6B7263DE}.Release|Any CPU.ActiveCfg = Release|Any CPU
		{8FFE7D13-1E73-4040-B2FB-77DB6B7263DE}.Release|Any CPU.Build.0 = Release|Any CPU
		{FD8D5C37-26A9-4995-9CCC-B85368A3EC3F}.Debug|Any CPU.ActiveCfg = Debug|Any CPU
		{FD8D5C37-26A9-4995-9CCC-B85368A3EC3F}.Debug|Any CPU.Build.0 = Debug|Any CPU
		{FD8D5C37-26A9-4995-9CCC-B85368A3EC3F}.Release|Any CPU.ActiveCfg = Release|Any CPU
		{FD8D5C37-26A9-4995-9CCC-B85368A3EC3F}.Release|Any CPU.Build.0 = Release|Any CPU
		{7FE89C33-6C96-4220-945D-D944274AD80D}.Debug|Any CPU.ActiveCfg = Debug|Any CPU
		{7FE89C33-6C96-4220-945D-D944274AD80D}.Debug|Any CPU.Build.0 = Debug|Any CPU
		{7FE89C33-6C96-4220-945D-D944274AD80D}.Release|Any CPU.ActiveCfg = Release|Any CPU
		{7FE89C33-6C96-4220-945D-D944274AD80D}.Release|Any CPU.Build.0 = Release|Any CPU
		{2CC5EFE4-F7B5-48F2-AE41-B55B2F8833C0}.Debug|Any CPU.ActiveCfg = Debug|Any CPU
		{2CC5EFE4-F7B5-48F2-AE41-B55B2F8833C0}.Debug|Any CPU.Build.0 = Debug|Any CPU
		{2CC5EFE4-F7B5-48F2-AE41-B55B2F8833C0}.Release|Any CPU.ActiveCfg = Release|Any CPU
		{2CC5EFE4-F7B5-48F2-AE41-B55B2F8833C0}.Release|Any CPU.Build.0 = Release|Any CPU
		{46C9F662-D310-4B12-84DA-8888FDB0D58A}.Debug|Any CPU.ActiveCfg = Debug|Any CPU
		{46C9F662-D310-4B12-84DA-8888FDB0D58A}.Debug|Any CPU.Build.0 = Debug|Any CPU
		{46C9F662-D310-4B12-84DA-8888FDB0D58A}.Release|Any CPU.ActiveCfg = Release|Any CPU
		{46C9F662-D310-4B12-84DA-8888FDB0D58A}.Release|Any CPU.Build.0 = Release|Any CPU
		{7DABFCFD-DC58-4103-A806-451ABA63FF47}.Debug|Any CPU.ActiveCfg = Debug|Any CPU
		{7DABFCFD-DC58-4103-A806-451ABA63FF47}.Debug|Any CPU.Build.0 = Debug|Any CPU
		{7DABFCFD-DC58-4103-A806-451ABA63FF47}.Release|Any CPU.ActiveCfg = Release|Any CPU
		{7DABFCFD-DC58-4103-A806-451ABA63FF47}.Release|Any CPU.Build.0 = Release|Any CPU
		{4A83FD07-7806-4248-9AD7-FAA50D4B2F7D}.Debug|Any CPU.ActiveCfg = Debug|Any CPU
		{4A83FD07-7806-4248-9AD7-FAA50D4B2F7D}.Debug|Any CPU.Build.0 = Debug|Any CPU
		{4A83FD07-7806-4248-9AD7-FAA50D4B2F7D}.Release|Any CPU.ActiveCfg = Release|Any CPU
		{4A83FD07-7806-4248-9AD7-FAA50D4B2F7D}.Release|Any CPU.Build.0 = Release|Any CPU
		{ED7B96E7-46AB-46BC-84F7-F2FA5DAEB483}.Debug|Any CPU.ActiveCfg = Debug|Any CPU
		{ED7B96E7-46AB-46BC-84F7-F2FA5DAEB483}.Debug|Any CPU.Build.0 = Debug|Any CPU
		{ED7B96E7-46AB-46BC-84F7-F2FA5DAEB483}.Release|Any CPU.ActiveCfg = Release|Any CPU
		{ED7B96E7-46AB-46BC-84F7-F2FA5DAEB483}.Release|Any CPU.Build.0 = Release|Any CPU
		{703ADB9A-A695-4027-A819-B9B087B04A7C}.Debug|Any CPU.ActiveCfg = Debug|Any CPU
		{703ADB9A-A695-4027-A819-B9B087B04A7C}.Debug|Any CPU.Build.0 = Debug|Any CPU
		{703ADB9A-A695-4027-A819-B9B087B04A7C}.Release|Any CPU.ActiveCfg = Release|Any CPU
		{703ADB9A-A695-4027-A819-B9B087B04A7C}.Release|Any CPU.Build.0 = Release|Any CPU
		{AA0FB463-85D2-4A68-8470-85F6E052B563}.Debug|Any CPU.ActiveCfg = Debug|Any CPU
		{AA0FB463-85D2-4A68-8470-85F6E052B563}.Debug|Any CPU.Build.0 = Debug|Any CPU
		{AA0FB463-85D2-4A68-8470-85F6E052B563}.Release|Any CPU.ActiveCfg = Release|Any CPU
		{AA0FB463-85D2-4A68-8470-85F6E052B563}.Release|Any CPU.Build.0 = Release|Any CPU
	EndGlobalSection
	GlobalSection(SolutionProperties) = preSolution
		HideSolutionNode = FALSE
	EndGlobalSection
	GlobalSection(NestedProjects) = preSolution
		{9D7735AB-5095-4A1B-8895-29F728698E57} = {2948BC15-AC91-42EF-AE21-DD10A1CF2807}
		{B75BCA33-473D-4723-8B03-8B11ADDB59E8} = {2948BC15-AC91-42EF-AE21-DD10A1CF2807}
		{797A0626-4F86-4513-801F-5C664BBE162E} = {2948BC15-AC91-42EF-AE21-DD10A1CF2807}
		{91D4D098-DCD7-4367-A864-025D0C15DEAD} = {2948BC15-AC91-42EF-AE21-DD10A1CF2807}
		{AD48F6B2-7372-4C98-9A10-FA9004862FED} = {2948BC15-AC91-42EF-AE21-DD10A1CF2807}
		{11E69B90-4425-422D-B573-67C01FFA5BAA} = {30774B2C-F106-4C4F-B563-C7BE314C2849}
		{5D185638-7C2F-46C0-8940-1B87FAD65F87} = {30774B2C-F106-4C4F-B563-C7BE314C2849}
		{B245DC68-E83D-4237-BF2E-3006245B886D} = {30774B2C-F106-4C4F-B563-C7BE314C2849}
		{61E4039F-80B5-47A8-9EBB-71FF6C371E92} = {30774B2C-F106-4C4F-B563-C7BE314C2849}
		{8FFE7D13-1E73-4040-B2FB-77DB6B7263DE} = {30774B2C-F106-4C4F-B563-C7BE314C2849}
		{FD8D5C37-26A9-4995-9CCC-B85368A3EC3F} = {71E61B0C-71B1-4623-B626-1879D2715240}
		{7FE89C33-6C96-4220-945D-D944274AD80D} = {71E61B0C-71B1-4623-B626-1879D2715240}
		{2CC5EFE4-F7B5-48F2-AE41-B55B2F8833C0} = {71E61B0C-71B1-4623-B626-1879D2715240}
		{46C9F662-D310-4B12-84DA-8888FDB0D58A} = {71E61B0C-71B1-4623-B626-1879D2715240}
		{7DABFCFD-DC58-4103-A806-451ABA63FF47} = {6A763ACD-D66C-44A0-AFBF-01CAD74B117F}
		{4A83FD07-7806-4248-9AD7-FAA50D4B2F7D} = {6A763ACD-D66C-44A0-AFBF-01CAD74B117F}
		{ED7B96E7-46AB-46BC-84F7-F2FA5DAEB483} = {6A763ACD-D66C-44A0-AFBF-01CAD74B117F}
		{703ADB9A-A695-4027-A819-B9B087B04A7C} = {6A763ACD-D66C-44A0-AFBF-01CAD74B117F}
		{AA0FB463-85D2-4A68-8470-85F6E052B563} = {F7CA2D00-EEEF-46B9-BC6F-E05D215E9BEB}
	EndGlobalSection
	GlobalSection(ExtensibilityGlobals) = postSolution
		SolutionGuid = {D2471E0F-0305-47CE-9F49-903A81934736}
	EndGlobalSection
EndGlobal
